// !$*UTF8*$!
{
	archiveVersion = 1;
	classes = {
	};
	objectVersion = 77;
	objects = {

/* Begin PBXBuildFile section */
		7BBFA601300BBEC4004ABB1C /* FirebaseAI in Frameworks */ = {isa = PBXBuildFile; productRef = 7BBFA600300BBEC4004ABB1C /* FirebaseAI */; };
		7BBFA603300BBEC4004ABB1C /* FirebaseAILogic in Frameworks */ = {isa = PBXBuildFile; productRef = 7BBFA602300BBEC4004ABB1C /* FirebaseAILogic */; };
		7BBFA605300BBEC4004ABB1C /* FirebaseAnalytics in Frameworks */ = {isa = PBXBuildFile; productRef = 7BBFA604300BBEC4004ABB1C /* FirebaseAnalytics */; };
		7BBFA607300BBEC4004ABB1C /* FirebaseAnalyticsCore in Frameworks */ = {isa = PBXBuildFile; productRef = 7BBFA606300BBEC4004ABB1C /* FirebaseAnalyticsCore */; };
		7BBFA609300BBEC4004ABB1C /* FirebaseAnalyticsIdentitySupport in Frameworks */ = {isa = PBXBuildFile; productRef = 7BBFA608300BBEC4004ABB1C /* FirebaseAnalyticsIdentitySupport */; };
		7BBFA60B300BBEC4004ABB1C /* FirebaseAppCheck in Frameworks */ = {isa = PBXBuildFile; productRef = 7BBFA60A300BBEC4004ABB1C /* FirebaseAppCheck */; };
		7BBFA60D300BBEC4004ABB1C /* FirebaseAppDistribution-Beta in Frameworks */ = {isa = PBXBuildFile; productRef = 7BBFA60C300BBEC4004ABB1C /* FirebaseAppDistribution-Beta */; };
		7BBFA60F300BBEC4004ABB1C /* FirebaseAuth in Frameworks */ = {isa = PBXBuildFile; productRef = 7BBFA60E300BBEC4004ABB1C /* FirebaseAuth */; };
		7BBFA611300BBEC4004ABB1C /* FirebaseAuthCombine-Community in Frameworks */ = {isa = PBXBuildFile; productRef = 7BBFA610300BBEC4004ABB1C /* FirebaseAuthCombine-Community */; };
		7BBFA613300BBEC4004ABB1C /* FirebaseCore in Frameworks */ = {isa = PBXBuildFile; productRef = 7BBFA612300BBEC4004ABB1C /* FirebaseCore */; };
		7BBFA615300BBEC4004ABB1C /* FirebaseCrashlytics in Frameworks */ = {isa = PBXBuildFile; productRef = 7BBFA614300BBEC4004ABB1C /* FirebaseCrashlytics */; };
		7BBFA617300BBEC4004ABB1C /* FirebaseDatabase in Frameworks */ = {isa = PBXBuildFile; productRef = 7BBFA616300BBEC4004ABB1C /* FirebaseDatabase */; };
		7BBFA619300BBEC4004ABB1C /* FirebaseFirestore in Frameworks */ = {isa = PBXBuildFile; productRef = 7BBFA618300BBEC4004ABB1C /* FirebaseFirestore */; };
		7BBFA61B300BBEC4004ABB1C /* FirebaseFirestoreCombine-Community in Frameworks */ = {isa = PBXBuildFile; productRef = 7BBFA61A300BBEC4004ABB1C /* FirebaseFirestoreCombine-Community */; };
		7BBFA61D300BBEC4004ABB1C /* FirebaseFunctions in Frameworks */ = {isa = PBXBuildFile; productRef = 7BBFA61C300BBEC4004ABB1C /* FirebaseFunctions */; };
		7BBFA623300BC325004ABB1C /* GoogleSignIn in Frameworks */ = {isa = PBXBuildFile; productRef = 7BBFA622300BC325004ABB1C /* GoogleSignIn */; };
		7BBFA625300BC325004ABB1C /* GoogleSignInSwift in Frameworks */ = {isa = PBXBuildFile; productRef = 7BBFA624300BC325004ABB1C /* GoogleSignInSwift */; };
/* End PBXBuildFile section */

/* Begin PBXFileReference section */
		7BEF2B12300BA5C00019DCAF /* EveningPlanner.app */ = {isa = PBXFileReference; explicitFileType = wrapper.application; includeInIndex = 0; path = EveningPlanner.app; sourceTree = BUILT_PRODUCTS_DIR; };
/* End PBXFileReference section */

/* Begin PBXFileSystemSynchronizedBuildFileExceptionSet section */
		7BBFA627300BC473004ABB1C /* Exceptions for "EveningPlanner" folder in "EveningPlanner" target */ = {
			isa = PBXFileSystemSynchronizedBuildFileExceptionSet;
			membershipExceptions = (
				Info.plist,
			);
			target = 7BEF2B11300BA5C00019DCAF /* EveningPlanner */;
		};
/* End PBXFileSystemSynchronizedBuildFileExceptionSet section */

/* Begin PBXFileSystemSynchronizedRootGroup section */
		7BEF2B14300BA5C00019DCAF /* EveningPlanner */ = {
			isa = PBXFileSystemSynchronizedRootGroup;
			exceptions = (
				7BBFA627300BC473004ABB1C /* Exceptions for "EveningPlanner" folder in "EveningPlanner" target */,
			);
			path = EveningPlanner;
			sourceTree = "<group>";
		};
/* End PBXFileSystemSynchronizedRootGroup section */

/* Begin PBXFrameworksBuildPhase section */
		7BEF2B0F300BA5C00019DCAF /* Frameworks */ = {
			isa = PBXFrameworksBuildPhase;
			buildActionMask = 2147483647;
			files = (
				7BBFA60D300BBEC4004ABB1C /* FirebaseAppDistribution-Beta in Frameworks */,
				7BBFA623300BC325004ABB1C /* GoogleSignIn in Frameworks */,
				7BBFA619300BBEC4004ABB1C /* FirebaseFirestore in Frameworks */,
				7BBFA611300BBEC4004ABB1C /* FirebaseAuthCombine-Community in Frameworks */,
				7BBFA603300BBEC4004ABB1C /* FirebaseAILogic in Frameworks */,
				7BBFA609300BBEC4004ABB1C /* FirebaseAnalyticsIdentitySupport in Frameworks */,
				7BBFA601300BBEC4004ABB1C /* FirebaseAI in Frameworks */,
				7BBFA615300BBEC4004ABB1C /* FirebaseCrashlytics in Frameworks */,
				7BBFA617300BBEC4004ABB1C /* FirebaseDatabase in Frameworks */,
				7BBFA625300BC325004ABB1C /* GoogleSignInSwift in Frameworks */,
				7BBFA605300BBEC4004ABB1C /* FirebaseAnalytics in Frameworks */,
				7BBFA613300BBEC4004ABB1C /* FirebaseCore in Frameworks */,
				7BBFA60B300BBEC4004ABB1C /* FirebaseAppCheck in Frameworks */,
				7BBFA607300BBEC4004ABB1C /* FirebaseAnalyticsCore in Frameworks */,
				7BBFA61D300BBEC4004ABB1C /* FirebaseFunctions in Frameworks */,
				7BBFA60F300BBEC4004ABB1C /* FirebaseAuth in Frameworks */,
				7BBFA61B300BBEC4004ABB1C /* FirebaseFirestoreCombine-Community in Frameworks */,
			);
			runOnlyForDeploymentPostprocessing = 0;
		};
/* End PBXFrameworksBuildPhase section */

/* Begin PBXGroup section */
		7BEF2B09300BA5C00019DCAF = {
			isa = PBXGroup;
			children = (
				7BEF2B14300BA5C00019DCAF /* EveningPlanner */,
				7BEF2B13300BA5C00019DCAF /* Products */,
			);
			sourceTree = "<group>";
		};
		7BEF2B13300BA5C00019DCAF /* Products */ = {
			isa = PBXGroup;
			children = (
				7BEF2B12300BA5C00019DCAF /* EveningPlanner.app */,
			);
			name = Products;
			sourceTree = "<group>";
		};
/* End PBXGroup section */

/* Begin PBXNativeTarget section */
		7BEF2B11300BA5C00019DCAF /* EveningPlanner */ = {
			isa = PBXNativeTarget;
			buildConfigurationList = 7BEF2B1D300BA5C10019DCAF /* Build configuration list for PBXNativeTarget "EveningPlanner" */;
			buildPhases = (
				7BEF2B0E300BA5C00019DCAF /* Sources */,
				7BEF2B0F300BA5C00019DCAF /* Frameworks */,
				7BEF2B10300BA5C00019DCAF /* Resources */,
			);
			buildRules = (
			);
			dependencies = (
			);
			fileSystemSynchronizedGroups = (
				7BEF2B14300BA5C00019DCAF /* EveningPlanner */,
			);
			name = EveningPlanner;
			packageProductDependencies = (
				7BBFA600300BBEC4004ABB1C /* FirebaseAI */,
				7BBFA602300BBEC4004ABB1C /* FirebaseAILogic */,
				7BBFA604300BBEC4004ABB1C /* FirebaseAnalytics */,
				7BBFA606300BBEC4004ABB1C /* FirebaseAnalyticsCore */,
				7BBFA608300BBEC4004ABB1C /* FirebaseAnalyticsIdentitySupport */,
				7BBFA60A300BBEC4004ABB1C /* FirebaseAppCheck */,
				7BBFA60C300BBEC4004ABB1C /* FirebaseAppDistribution-Beta */,
				7BBFA60E300BBEC4004ABB1C /* FirebaseAuth */,
				7BBFA610300BBEC4004ABB1C /* FirebaseAuthCombine-Community */,
				7BBFA612300BBEC4004ABB1C /* FirebaseCore */,
				7BBFA614300BBEC4004ABB1C /* FirebaseCrashlytics */,
				7BBFA616300BBEC4004ABB1C /* FirebaseDatabase */,
				7BBFA618300BBEC4004ABB1C /* FirebaseFirestore */,
				7BBFA61A300BBEC4004ABB1C /* FirebaseFirestoreCombine-Community */,
				7BBFA61C300BBEC4004ABB1C /* FirebaseFunctions */,
				7BBFA622300BC325004ABB1C /* GoogleSignIn */,
				7BBFA624300BC325004ABB1C /* GoogleSignInSwift */,
			);
			productName = EveningPlanner;
			productReference = 7BEF2B12300BA5C00019DCAF /* EveningPlanner.app */;
			productType = "com.apple.product-type.application";
		};
/* End PBXNativeTarget section */

/* Begin PBXProject section */
		7BEF2B0A300BA5C00019DCAF /* Project object */ = {
			isa = PBXProject;
			attributes = {
				BuildIndependentTargetsInParallel = 1;
				LastSwiftUpdateCheck = 2620;
				LastUpgradeCheck = 2620;
				TargetAttributes = {
					7BEF2B11300BA5C00019DCAF = {
						CreatedOnToolsVersion = 26.2;
					};
				};
			};
			buildConfigurationList = 7BEF2B0D300BA5C00019DCAF /* Build configuration list for PBXProject "EveningPlanner" */;
			developmentRegion = en;
			hasScannedForEncodings = 0;
			knownRegions = (
				en,
				Base,
			);
			mainGroup = 7BEF2B09300BA5C00019DCAF;
			minimizedProjectReferenceProxies = 1;
			packageReferences = (
				7BBFA5FF300BBEC4004ABB1C /* XCRemoteSwiftPackageReference "firebase-ios-sdk" */,
				7BBFA621300BC325004ABB1C /* XCRemoteSwiftPackageReference "GoogleSignIn-iOS" */,
			);
			preferredProjectObjectVersion = 77;
			productRefGroup = 7BEF2B13300BA5C00019DCAF /* Products */;
			projectDirPath = "";
			projectRoot = "";
			targets = (
				7BEF2B11300BA5C00019DCAF /* EveningPlanner */,
			);
		};
/* End PBXProject section */

/* Begin PBXResourcesBuildPhase section */
		7BEF2B10300BA5C00019DCAF /* Resources */ = {
			isa = PBXResourcesBuildPhase;
			buildActionMask = 2147483647;
			files = (
			);
			runOnlyForDeploymentPostprocessing = 0;
		};
/* End PBXResourcesBuildPhase section */

/* Begin PBXSourcesBuildPhase section */
		7BEF2B0E300BA5C00019DCAF /* Sources */ = {
			isa = PBXSourcesBuildPhase;
			buildActionMask = 2147483647;
			files = (
			);
			runOnlyForDeploymentPostprocessing = 0;
		};
/* End PBXSourcesBuildPhase section */

/* Begin XCBuildConfiguration section */
		7BEF2B1B300BA5C10019DCAF /* Debug */ = {
			isa = XCBuildConfiguration;
			buildSettings = {
				ALWAYS_SEARCH_USER_PATHS = NO;
				ASSETCATALOG_COMPILER_GENERATE_SWIFT_ASSET_SYMBOL_EXTENSIONS = YES;
				CLANG_ANALYZER_NONNULL = YES;
				CLANG_ANALYZER_NUMBER_OBJECT_CONVERSION = YES_AGGRESSIVE;
				CLANG_CXX_LANGUAGE_STANDARD = "gnu++20";
				CLANG_ENABLE_MODULES = YES;
				CLANG_ENABLE_OBJC_ARC = YES;
				CLANG_ENABLE_OBJC_WEAK = YES;
				CLANG_WARN_BLOCK_CAPTURE_AUTORELEASING = YES;
				CLANG_WARN_BOOL_CONVERSION = YES;
				CLANG_WARN_COMMA = YES;
				CLANG_WARN_CONSTANT_CONVERSION = YES;
				CLANG_WARN_DEPRECATED_OBJC_IMPLEMENTATIONS = YES;
				CLANG_WARN_DIRECT_OBJC_ISA_USAGE = YES_ERROR;
				CLANG_WARN_DOCUMENTATION_COMMENTS = YES;
				CLANG_WARN_EMPTY_BODY = YES;
				CLANG_WARN_ENUM_CONVERSION = YES;
				CLANG_WARN_INFINITE_RECURSION = YES;
				CLANG_WARN_INT_CONVERSION = YES;
				CLANG_WARN_NON_LITERAL_NULL_CONVERSION = YES;
				CLANG_WARN_OBJC_IMPLICIT_RETAIN_SELF = YES;
				CLANG_WARN_OBJC_LITERAL_CONVERSION = YES;
				CLANG_WARN_OBJC_ROOT_CLASS = YES_ERROR;
				CLANG_WARN_QUOTED_INCLUDE_IN_FRAMEWORK_HEADER = YES;
				CLANG_WARN_RANGE_LOOP_ANALYSIS = YES;
				CLANG_WARN_STRICT_PROTOTYPES = YES;
				CLANG_WARN_SUSPICIOUS_MOVE = YES;
				CLANG_WARN_UNGUARDED_AVAILABILITY = YES_AGGRESSIVE;
				CLANG_WARN_UNREACHABLE_CODE = YES;
				CLANG_WARN__DUPLICATE_METHOD_MATCH = YES;
				COPY_PHASE_STRIP = NO;
				DEBUG_INFORMATION_FORMAT = dwarf;
				DEVELOPMENT_TEAM = 2ALFF3RCXF;
				ENABLE_STRICT_OBJC_MSGSEND = YES;
				ENABLE_TESTABILITY = YES;
				ENABLE_USER_SCRIPT_SANDBOXING = YES;
				GCC_C_LANGUAGE_STANDARD = gnu17;
				GCC_DYNAMIC_NO_PIC = NO;
				GCC_NO_COMMON_BLOCKS = YES;
				GCC_OPTIMIZATION_LEVEL = 0;
				GCC_PREPROCESSOR_DEFINITIONS = (
					"DEBUG=1",
					"$(inherited)",
				);
				GCC_WARN_64_TO_32_BIT_CONVERSION = YES;
				GCC_WARN_ABOUT_RETURN_TYPE = YES_ERROR;
				GCC_WARN_UNDECLARED_SELECTOR = YES;
				GCC_WARN_UNINITIALIZED_AUTOS = YES_AGGRESSIVE;
				GCC_WARN_UNUSED_FUNCTION = YES;
				GCC_WARN_UNUSED_VARIABLE = YES;
				IPHONEOS_DEPLOYMENT_TARGET = 26.2;
				LOCALIZATION_PREFERS_STRING_CATALOGS = YES;
				MTL_ENABLE_DEBUG_INFO = INCLUDE_SOURCE;
				MTL_FAST_MATH = YES;
				ONLY_ACTIVE_ARCH = YES;
				SDKROOT = iphoneos;
				SWIFT_ACTIVE_COMPILATION_CONDITIONS = "DEBUG $(inherited)";
				SWIFT_OPTIMIZATION_LEVEL = "-Onone";
			};
			name = Debug;
		};
		7BEF2B1C300BA5C10019DCAF /* Release */ = {
			isa = XCBuildConfiguration;
			buildSettings = {
				ALWAYS_SEARCH_USER_PATHS = NO;
				ASSETCATALOG_COMPILER_GENERATE_SWIFT_ASSET_SYMBOL_EXTENSIONS = YES;
				CLANG_ANALYZER_NONNULL = YES;
				CLANG_ANALYZER_NUMBER_OBJECT_CONVERSION = YES_AGGRESSIVE;
				CLANG_CXX_LANGUAGE_STANDARD = "gnu++20";
				CLANG_ENABLE_MODULES = YES;
				CLANG_ENABLE_OBJC_ARC = YES;
				CLANG_ENABLE_OBJC_WEAK = YES;
				CLANG_WARN_BLOCK_CAPTURE_AUTORELEASING = YES;
				CLANG_WARN_BOOL_CONVERSION = YES;
				CLANG_WARN_COMMA = YES;
				CLANG_WARN_CONSTANT_CONVERSION = YES;
				CLANG_WARN_DEPRECATED_OBJC_IMPLEMENTATIONS = YES;
				CLANG_WARN_DIRECT_OBJC_ISA_USAGE = YES_ERROR;
				CLANG_WARN_DOCUMENTATION_COMMENTS = YES;
				CLANG_WARN_EMPTY_BODY = YES;
				CLANG_WARN_ENUM_CONVERSION = YES;
				CLANG_WARN_INFINITE_RECURSION = YES;
				CLANG_WARN_INT_CONVERSION = YES;
				CLANG_WARN_NON_LITERAL_NULL_CONVERSION = YES;
				CLANG_WARN_OBJC_IMPLICIT_RETAIN_SELF = YES;
				CLANG_WARN_OBJC_LITERAL_CONVERSION = YES;
				CLANG_WARN_OBJC_ROOT_CLASS = YES_ERROR;
				CLANG_WARN_QUOTED_INCLUDE_IN_FRAMEWORK_HEADER = YES;
				CLANG_WARN_RANGE_LOOP_ANALYSIS = YES;
				CLANG_WARN_STRICT_PROTOTYPES = YES;
				CLANG_WARN_SUSPICIOUS_MOVE = YES;
				CLANG_WARN_UNGUARDED_AVAILABILITY = YES_AGGRESSIVE;
				CLANG_WARN_UNREACHABLE_CODE = YES;
				CLANG_WARN__DUPLICATE_METHOD_MATCH = YES;
				COPY_PHASE_STRIP = NO;
				DEBUG_INFORMATION_FORMAT = "dwarf-with-dsym";
				DEVELOPMENT_TEAM = 2ALFF3RCXF;
				ENABLE_NS_ASSERTIONS = NO;
				ENABLE_STRICT_OBJC_MSGSEND = YES;
				ENABLE_USER_SCRIPT_SANDBOXING = YES;
				GCC_C_LANGUAGE_STANDARD = gnu17;
				GCC_NO_COMMON_BLOCKS = YES;
				GCC_WARN_64_TO_32_BIT_CONVERSION = YES;
				GCC_WARN_ABOUT_RETURN_TYPE = YES_ERROR;
				GCC_WARN_UNDECLARED_SELECTOR = YES;
				GCC_WARN_UNINITIALIZED_AUTOS = YES_AGGRESSIVE;
				GCC_WARN_UNUSED_FUNCTION = YES;
				GCC_WARN_UNUSED_VARIABLE = YES;
				IPHONEOS_DEPLOYMENT_TARGET = 26.2;
				LOCALIZATION_PREFERS_STRING_CATALOGS = YES;
				MTL_ENABLE_DEBUG_INFO = NO;
				MTL_FAST_MATH = YES;
				SDKROOT = iphoneos;
				SWIFT_COMPILATION_MODE = wholemodule;
				VALIDATE_PRODUCT = YES;
			};
			name = Release;
		};
		7BEF2B1E300BA5C10019DCAF /* Debug */ = {
			isa = XCBuildConfiguration;
			buildSettings = {
				ASSETCATALOG_COMPILER_APPICON_NAME = AppIcon;
				ASSETCATALOG_COMPILER_GLOBAL_ACCENT_COLOR_NAME = AccentColor;
				CODE_SIGN_ENTITLEMENTS = EveningPlanner/EveningPlanner.entitlements;
				CODE_SIGN_STYLE = Automatic;
				CURRENT_PROJECT_VERSION = 1;
				DEVELOPMENT_TEAM = 2ALFF3RCXF;
				ENABLE_PREVIEWS = YES;
				GENERATE_INFOPLIST_FILE = YES;
				INFOPLIST_FILE = EveningPlanner/Info.plist;
				INFOPLIST_KEY_NSAppleMusicUsageDescription = "Evening Planner looks at your Apple Music listening history to personalize your evening recommendations.";
				INFOPLIST_KEY_NSCalendarsFullAccessUsageDescription = "Evening Planner adds your planned stops to your calendar so you don't miss them.";
				INFOPLIST_KEY_UIApplicationSceneManifest_Generation = YES;
				INFOPLIST_KEY_UIApplicationSupportsIndirectInputEvents = YES;
				INFOPLIST_KEY_UILaunchScreen_Generation = YES;
				INFOPLIST_KEY_UISupportedInterfaceOrientations_iPad = "UIInterfaceOrientationPortrait UIInterfaceOrientationPortraitUpsideDown UIInterfaceOrientationLandscapeLeft UIInterfaceOrientationLandscapeRight";
				INFOPLIST_KEY_UISupportedInterfaceOrientations_iPhone = "UIInterfaceOrientationPortrait UIInterfaceOrientationLandscapeLeft UIInterfaceOrientationLandscapeRight";
				LD_RUNPATH_SEARCH_PATHS = (
					"$(inherited)",
					"@executable_path/Frameworks",
				);
				MARKETING_VERSION = 1.0;
				PRODUCT_BUNDLE_IDENTIFIER = com.amit.EveningPlanner;
				PRODUCT_NAME = "$(TARGET_NAME)";
				STRING_CATALOG_GENERATE_SYMBOLS = YES;
				SWIFT_APPROACHABLE_CONCURRENCY = YES;
				SWIFT_DEFAULT_ACTOR_ISOLATION = MainActor;
				SWIFT_EMIT_LOC_STRINGS = YES;
				SWIFT_UPCOMING_FEATURE_MEMBER_IMPORT_VISIBILITY = YES;
				SWIFT_VERSION = 5.0;
				TARGETED_DEVICE_FAMILY = "1,2";
			};
			name = Debug;
		};
		7BEF2B1F300BA5C10019DCAF /* Release */ = {
			isa = XCBuildConfiguration;
			buildSettings = {
				ASSETCATALOG_COMPILER_APPICON_NAME = AppIcon;
				ASSETCATALOG_COMPILER_GLOBAL_ACCENT_COLOR_NAME = AccentColor;
				CODE_SIGN_ENTITLEMENTS = EveningPlanner/EveningPlanner.entitlements;
				CODE_SIGN_STYLE = Automatic;
				CURRENT_PROJECT_VERSION = 1;
				DEVELOPMENT_TEAM = 2ALFF3RCXF;
				ENABLE_PREVIEWS = YES;
				GENERATE_INFOPLIST_FILE = YES;
				INFOPLIST_FILE = EveningPlanner/Info.plist;
				INFOPLIST_KEY_NSAppleMusicUsageDescription = "Evening Planner looks at your Apple Music listening history to personalize your evening recommendations.";
				INFOPLIST_KEY_NSCalendarsFullAccessUsageDescription = "Evening Planner adds your planned stops to your calendar so you don't miss them.";
				INFOPLIST_KEY_UIApplicationSceneManifest_Generation = YES;
				INFOPLIST_KEY_UIApplicationSupportsIndirectInputEvents = YES;
				INFOPLIST_KEY_UILaunchScreen_Generation = YES;
				INFOPLIST_KEY_UISupportedInterfaceOrientations_iPad = "UIInterfaceOrientationPortrait UIInterfaceOrientationPortraitUpsideDown UIInterfaceOrientationLandscapeLeft UIInterfaceOrientationLandscapeRight";
				INFOPLIST_KEY_UISupportedInterfaceOrientations_iPhone = "UIInterfaceOrientationPortrait UIInterfaceOrientationLandscapeLeft UIInterfaceOrientationLandscapeRight";
				LD_RUNPATH_SEARCH_PATHS = (
					"$(inherited)",
					"@executable_path/Frameworks",
				);
				MARKETING_VERSION = 1.0;
				PRODUCT_BUNDLE_IDENTIFIER = com.amit.EveningPlanner;
				PRODUCT_NAME = "$(TARGET_NAME)";
				STRING_CATALOG_GENERATE_SYMBOLS = YES;
				SWIFT_APPROACHABLE_CONCURRENCY = YES;
				SWIFT_DEFAULT_ACTOR_ISOLATION = MainActor;
				SWIFT_EMIT_LOC_STRINGS = YES;
				SWIFT_UPCOMING_FEATURE_MEMBER_IMPORT_VISIBILITY = YES;
				SWIFT_VERSION = 5.0;
				TARGETED_DEVICE_FAMILY = "1,2";
			};
			name = Release;
		};
/* End XCBuildConfiguration section */

/* Begin XCConfigurationList section */
		7BEF2B0D300BA5C00019DCAF /* Build configuration list for PBXProject "EveningPlanner" */ = {
			isa = XCConfigurationList;
			buildConfigurations = (
				7BEF2B1B300BA5C10019DCAF /* Debug */,
				7BEF2B1C300BA5C10019DCAF /* Release */,
			);
			defaultConfigurationIsVisible = 0;
			defaultConfigurationName = Release;
		};
		7BEF2B1D300BA5C10019DCAF /* Build configuration list for PBXNativeTarget "EveningPlanner" */ = {
			isa = XCConfigurationList;
			buildConfigurations = (
				7BEF2B1E300BA5C10019DCAF /* Debug */,
				7BEF2B1F300BA5C10019DCAF /* Release */,
			);
			defaultConfigurationIsVisible = 0;
			defaultConfigurationName = Release;
		};
/* End XCConfigurationList section */

/* Begin XCRemoteSwiftPackageReference section */
		7BBFA5FF300BBEC4004ABB1C /* XCRemoteSwiftPackageReference "firebase-ios-sdk" */ = {
			isa = XCRemoteSwiftPackageReference;
			repositoryURL = "https://github.com/firebase/firebase-ios-sdk";
			requirement = {
				kind = upToNextMajorVersion;
				minimumVersion = 12.16.0;
			};
		};
		7BBFA621300BC325004ABB1C /* XCRemoteSwiftPackageReference "GoogleSignIn-iOS" */ = {
			isa = XCRemoteSwiftPackageReference;
			repositoryURL = "https://github.com/google/GoogleSignIn-iOS.git";
			requirement = {
				kind = upToNextMajorVersion;
				minimumVersion = 9.2.0;
			};
		};
/* End XCRemoteSwiftPackageReference section */

/* Begin XCSwiftPackageProductDependency section */
		7BBFA600300BBEC4004ABB1C /* FirebaseAI */ = {
			isa = XCSwiftPackageProductDependency;
			package = 7BBFA5FF300BBEC4004ABB1C /* XCRemoteSwiftPackageReference "firebase-ios-sdk" */;
			productName = FirebaseAI;
		};
		7BBFA602300BBEC4004ABB1C /* FirebaseAILogic */ = {
			isa = XCSwiftPackageProductDependency;
			package = 7BBFA5FF300BBEC4004ABB1C /* XCRemoteSwiftPackageReference "firebase-ios-sdk" */;
			productName = FirebaseAILogic;
		};
		7BBFA604300BBEC4004ABB1C /* FirebaseAnalytics */ = {
			isa = XCSwiftPackageProductDependency;
			package = 7BBFA5FF300BBEC4004ABB1C /* XCRemoteSwiftPackageReference "firebase-ios-sdk" */;
			productName = FirebaseAnalytics;
		};
		7BBFA606300BBEC4004ABB1C /* FirebaseAnalyticsCore */ = {
			isa = XCSwiftPackageProductDependency;
			package = 7BBFA5FF300BBEC4004ABB1C /* XCRemoteSwiftPackageReference "firebase-ios-sdk" */;
			productName = FirebaseAnalyticsCore;
		};
		7BBFA608300BBEC4004ABB1C /* FirebaseAnalyticsIdentitySupport */ = {
			isa = XCSwiftPackageProductDependency;
			package = 7BBFA5FF300BBEC4004ABB1C /* XCRemoteSwiftPackageReference "firebase-ios-sdk" */;
			productName = FirebaseAnalyticsIdentitySupport;
		};
		7BBFA60A300BBEC4004ABB1C /* FirebaseAppCheck */ = {
			isa = XCSwiftPackageProductDependency;
			package = 7BBFA5FF300BBEC4004ABB1C /* XCRemoteSwiftPackageReference "firebase-ios-sdk" */;
			productName = FirebaseAppCheck;
		};
		7BBFA60C300BBEC4004ABB1C /* FirebaseAppDistribution-Beta */ = {
			isa = XCSwiftPackageProductDependency;
			package = 7BBFA5FF300BBEC4004ABB1C /* XCRemoteSwiftPackageReference "firebase-ios-sdk" */;
			productName = "FirebaseAppDistribution-Beta";
		};
		7BBFA60E300BBEC4004ABB1C /* FirebaseAuth */ = {
			isa = XCSwiftPackageProductDependency;
			package = 7BBFA5FF300BBEC4004ABB1C /* XCRemoteSwiftPackageReference "firebase-ios-sdk" */;
			productName = FirebaseAuth;
		};
		7BBFA610300BBEC4004ABB1C /* FirebaseAuthCombine-Community */ = {
			isa = XCSwiftPackageProductDependency;
			package = 7BBFA5FF300BBEC4004ABB1C /* XCRemoteSwiftPackageReference "firebase-ios-sdk" */;
			productName = "FirebaseAuthCombine-Community";
		};
		7BBFA612300BBEC4004ABB1C /* FirebaseCore */ = {
			isa = XCSwiftPackageProductDependency;
			package = 7BBFA5FF300BBEC4004ABB1C /* XCRemoteSwiftPackageReference "firebase-ios-sdk" */;
			productName = FirebaseCore;
		};
		7BBFA614300BBEC4004ABB1C /* FirebaseCrashlytics */ = {
			isa = XCSwiftPackageProductDependency;
			package = 7BBFA5FF300BBEC4004ABB1C /* XCRemoteSwiftPackageReference "firebase-ios-sdk" */;
			productName = FirebaseCrashlytics;
		};
		7BBFA616300BBEC4004ABB1C /* FirebaseDatabase */ = {
			isa = XCSwiftPackageProductDependency;
			package = 7BBFA5FF300BBEC4004ABB1C /* XCRemoteSwiftPackageReference "firebase-ios-sdk" */;
			productName = FirebaseDatabase;
		};
		7BBFA618300BBEC4004ABB1C /* FirebaseFirestore */ = {
			isa = XCSwiftPackageProductDependency;
			package = 7BBFA5FF300BBEC4004ABB1C /* XCRemoteSwiftPackageReference "firebase-ios-sdk" */;
			productName = FirebaseFirestore;
		};
		7BBFA61A300BBEC4004ABB1C /* FirebaseFirestoreCombine-Community */ = {
			isa = XCSwiftPackageProductDependency;
			package = 7BBFA5FF300BBEC4004ABB1C /* XCRemoteSwiftPackageReference "firebase-ios-sdk" */;
			productName = "FirebaseFirestoreCombine-Community";
		};
		7BBFA61C300BBEC4004ABB1C /* FirebaseFunctions */ = {
			isa = XCSwiftPackageProductDependency;
			package = 7BBFA5FF300BBEC4004ABB1C /* XCRemoteSwiftPackageReference "firebase-ios-sdk" */;
			productName = FirebaseFunctions;
		};
		7BBFA622300BC325004ABB1C /* GoogleSignIn */ = {
			isa = XCSwiftPackageProductDependency;
			package = 7BBFA621300BC325004ABB1C /* XCRemoteSwiftPackageReference "GoogleSignIn-iOS" */;
			productName = GoogleSignIn;
		};
		7BBFA624300BC325004ABB1C /* GoogleSignInSwift */ = {
			isa = XCSwiftPackageProductDependency;
			package = 7BBFA621300BC325004ABB1C /* XCRemoteSwiftPackageReference "GoogleSignIn-iOS" */;
			productName = GoogleSignInSwift;
		};
/* End XCSwiftPackageProductDependency section */
	};
	rootObject = 7BEF2B0A300BA5C00019DCAF /* Project object */;
}
